
Microsoft Visual Studio Solution File, Format Version 12.00
# Visual Studio Version 17
VisualStudioVersion = 17.10.35013.160
MinimumVisualStudioVersion = 10.0.40219.1
Project("{9A19103F-16F7-4668-BE54-9A1E7A4F7556}") = "WebApplication1", "WebApplication1.csproj", "{23F0FA55-7422-416C-ABF4-807F2858DB06}"
EndProject
Project("{FAE04EC0-301F-11D3-BF4B-00C04F79EFBC}") = "PoleChudesWPF", "..\PoleChudesWPF\PoleChudesWPF.csproj", "{A6F6566F-5DE5-44D1-90B9-030A267F86D8}"
EndProject
Global
	GlobalSection(SolutionConfigurationPlatforms) = preSolution
		Debug|Any CPU = Debug|Any CPU
		Release|Any CPU = Release|Any CPU
	EndGlobalSection
	GlobalSection(ProjectConfigurationPlatforms) = postSolution
		{23F0FA55-7422-416C-ABF4-807F2858DB06}.Debug|Any CPU.ActiveCfg = Debug|Any CPU
		{23F0FA55-7422-416C-ABF4-807F2858DB06}.Debug|Any CPU.Build.0 = Debug|Any CPU
		{23F0FA55-7422-416C-ABF4-807F2858DB06}.Release|Any CPU.ActiveCfg = Release|Any CPU
		{23F0FA55-7422-416C-ABF4-807F2858DB06}.Release|Any CPU.Build.0 = Release|Any CPU
		{A6F6566F-5DE5-44D1-90B9-030A267F86D8}.Debug|Any CPU.ActiveCfg = Debug|Any CPU
		{A6F6566F-5DE5-44D1-90B9-030A267F86D8}.Debug|Any CPU.Build.0 = Debug|Any CPU
		{A6F6566F-5DE5-44D1-90B9-030A267F86D8}.Release|Any CPU.ActiveCfg = Release|Any CPU
		{A6F6566F-5DE5-44D1-90B9-030A267F86D8}.Release|Any CPU.Build.0 = Release|Any CPU
	EndGlobalSection
	GlobalSection(SolutionProperties) = preSolution
		HideSolutionNode = FALSE
	EndGlobalSection
	GlobalSection(ExtensibilityGlobals) = postSolution
		SolutionGuid = {3D6EA206-168C-42BE-952A-11E02A90C351}
	EndGlobalSection
EndGlobal
